
Microsoft Visual Studio Solution File, Format Version 12.00
# Visual Studio Version 17
VisualStudioVersion = 17.1.32210.238
MinimumVisualStudioVersion = 10.0.40219.1
Project("{FAE04EC0-301F-11D3-BF4B-00C04F79EFBC}") = "Ecommerce-Example", "Ecommerce-Example\Ecommerce-Example.csproj", "{86F8A123-9EDB-4F49-B836-88F518BA1E77}"
EndProject
Global
	GlobalSection(SolutionConfigurationPlatforms) = preSolution
		Debug|Any CPU = Debug|Any CPU
		Release|Any CPU = Release|Any CPU
	EndGlobalSection
	GlobalSection(ProjectConfigurationPlatforms) = postSolution
		{86F8A123-9EDB-4F49-B836-88F518BA1E77}.Debug|Any CPU.ActiveCfg = Debug|Any CPU
		{86F8A123-9EDB-4F49-B836-88F518BA1E77}.Debug|Any CPU.Build.0 = Debug|Any CPU
		{86F8A123-9EDB-4F49-B836-88F518BA1E77}.Release|Any CPU.ActiveCfg = Release|Any CPU
		{86F8A123-9EDB-4F49-B836-88F518BA1E77}.Release|Any CPU.Build.0 = Release|Any CPU
	EndGlobalSection
	GlobalSection(SolutionProperties) = preSolution
		HideSolutionNode = FALSE
	EndGlobalSection
	GlobalSection(ExtensibilityGlobals) = postSolution
		SolutionGuid = {BF1A5297-BACF-4BA6-93F8-82E93978C8B5}
	EndGlobalSection
EndGlobal
